
Microsoft Visual Studio Solution File, Format Version 12.00
# Visual Studio Version 16
VisualStudioVersion = 16.0.29215.179
MinimumVisualStudioVersion = 10.0.40219.1
Project("{FAE04EC0-301F-11D3-BF4B-00C04F79EFBC}") = "Propagation d'une onde de pression dans un milieu", "Propagation d'une onde de pression dans un milieu\Propagation d'une onde de pression dans un milieu.csproj", "{88A66B97-C154-4EE4-BE86-710A0C63A582}"
EndProject
Global
	GlobalSection(SolutionConfigurationPlatforms) = preSolution
		Debug|Any CPU = Debug|Any CPU
		Release|Any CPU = Release|Any CPU
	EndGlobalSection
	GlobalSection(ProjectConfigurationPlatforms) = postSolution
		{88A66B97-C154-4EE4-BE86-710A0C63A582}.Debug|Any CPU.ActiveCfg = Debug|Any CPU
		{88A66B97-C154-4EE4-BE86-710A0C63A582}.Debug|Any CPU.Build.0 = Debug|Any CPU
		{88A66B97-C154-4EE4-BE86-710A0C63A582}.Release|Any CPU.ActiveCfg = Release|Any CPU
		{88A66B97-C154-4EE4-BE86-710A0C63A582}.Release|Any CPU.Build.0 = Release|Any CPU
	EndGlobalSection
	GlobalSection(SolutionProperties) = preSolution
		HideSolutionNode = FALSE
	EndGlobalSection
	GlobalSection(ExtensibilityGlobals) = postSolution
		SolutionGuid = {64CCCEE7-8A21-402A-AA21-5C85758B7CB0}
	EndGlobalSection
EndGlobal
